
Microsoft Visual Studio Solution File, Format Version 12.00
# Visual Studio Version 16
VisualStudioVersion = 16.0.31613.86
MinimumVisualStudioVersion = 10.0.40219.1
Project("{FAE04EC0-301F-11D3-BF4B-00C04F79EFBC}") = "Exercicio1", "Exercicio1\Exercicio1.csproj", "{91F59AF4-6F3D-431F-9D0A-B9BDABE9C727}"
EndProject
Project("{FAE04EC0-301F-11D3-BF4B-00C04F79EFBC}") = "Exercicio2", "Exercicio2\Exercicio2.csproj", "{8A933C39-FB33-46D0-B27F-DFDB6634DEF5}"
EndProject
Project("{FAE04EC0-301F-11D3-BF4B-00C04F79EFBC}") = "Exercicio3", "Exercicio3\Exercicio3.csproj", "{949DFBE2-E545-4BE4-8424-69EB5192C48A}"
EndProject
Global
	GlobalSection(SolutionConfigurationPlatforms) = preSolution
		Debug|Any CPU = Debug|Any CPU
		Release|Any CPU = Release|Any CPU
	EndGlobalSection
	GlobalSection(ProjectConfigurationPlatforms) = postSolution
		{91F59AF4-6F3D-431F-9D0A-B9BDABE9C727}.Debug|Any CPU.ActiveCfg = Debug|Any CPU
		{91F59AF4-6F3D-431F-9D0A-B9BDABE9C727}.Debug|Any CPU.Build.0 = Debug|Any CPU
		{91F59AF4-6F3D-431F-9D0A-B9BDABE9C727}.Release|Any CPU.ActiveCfg = Release|Any CPU
		{91F59AF4-6F3D-431F-9D0A-B9BDABE9C727}.Release|Any CPU.Build.0 = Release|Any CPU
		{8A933C39-FB33-46D0-B27F-DFDB6634DEF5}.Debug|Any CPU.ActiveCfg = Debug|Any CPU
		{8A933C39-FB33-46D0-B27F-DFDB6634DEF5}.Debug|Any CPU.Build.0 = Debug|Any CPU
		{8A933C39-FB33-46D0-B27F-DFDB6634DEF5}.Release|Any CPU.ActiveCfg = Release|Any CPU
		{8A933C39-FB33-46D0-B27F-DFDB6634DEF5}.Release|Any CPU.Build.0 = Release|Any CPU
		{949DFBE2-E545-4BE4-8424-69EB5192C48A}.Debug|Any CPU.ActiveCfg = Debug|Any CPU
		{949DFBE2-E545-4BE4-8424-69EB5192C48A}.Debug|Any CPU.Build.0 = Debug|Any CPU
		{949DFBE2-E545-4BE4-8424-69EB5192C48A}.Release|Any CPU.ActiveCfg = Release|Any CPU
		{949DFBE2-E545-4BE4-8424-69EB5192C48A}.Release|Any CPU.Build.0 = Release|Any CPU
	EndGlobalSection
	GlobalSection(SolutionProperties) = preSolution
		HideSolutionNode = FALSE
	EndGlobalSection
	GlobalSection(ExtensibilityGlobals) = postSolution
		SolutionGuid = {B25E3227-5BD5-4736-8CC4-FC97F13E1760}
	EndGlobalSection
EndGlobal
