
Microsoft Visual Studio Solution File, Format Version 12.00
# Visual Studio Version 16
VisualStudioVersion = 16.0.31613.86
MinimumVisualStudioVersion = 10.0.40219.1
Project("{FAE04EC0-301F-11D3-BF4B-00C04F79EFBC}") = "Exercicio3", "Exercicio3\Exercicio3.csproj", "{3D86036D-E155-4880-BFAB-AECDB35974DD}"
EndProject
Project("{FAE04EC0-301F-11D3-BF4B-00C04F79EFBC}") = "Exercicio4", "Exercicio4\Exercicio4.csproj", "{F5F1D060-03E9-4B20-8344-208B64E1898D}"
EndProject
Project("{FAE04EC0-301F-11D3-BF4B-00C04F79EFBC}") = "Exercicio5", "Exercicio5\Exercicio5.csproj", "{58B26A1A-CC7E-4B2D-8894-B9FD13991060}"
EndProject
Global
	GlobalSection(SolutionConfigurationPlatforms) = preSolution
		Debug|Any CPU = Debug|Any CPU
		Release|Any CPU = Release|Any CPU
	EndGlobalSection
	GlobalSection(ProjectConfigurationPlatforms) = postSolution
		{3D86036D-E155-4880-BFAB-AECDB35974DD}.Debug|Any CPU.ActiveCfg = Debug|Any CPU
		{3D86036D-E155-4880-BFAB-AECDB35974DD}.Debug|Any CPU.Build.0 = Debug|Any CPU
		{3D86036D-E155-4880-BFAB-AECDB35974DD}.Release|Any CPU.ActiveCfg = Release|Any CPU
		{3D86036D-E155-4880-BFAB-AECDB35974DD}.Release|Any CPU.Build.0 = Release|Any CPU
		{F5F1D060-03E9-4B20-8344-208B64E1898D}.Debug|Any CPU.ActiveCfg = Debug|Any CPU
		{F5F1D060-03E9-4B20-8344-208B64E1898D}.Debug|Any CPU.Build.0 = Debug|Any CPU
		{F5F1D060-03E9-4B20-8344-208B64E1898D}.Release|Any CPU.ActiveCfg = Release|Any CPU
		{F5F1D060-03E9-4B20-8344-208B64E1898D}.Release|Any CPU.Build.0 = Release|Any CPU
		{58B26A1A-CC7E-4B2D-8894-B9FD13991060}.Debug|Any CPU.ActiveCfg = Debug|Any CPU
		{58B26A1A-CC7E-4B2D-8894-B9FD13991060}.Debug|Any CPU.Build.0 = Debug|Any CPU
		{58B26A1A-CC7E-4B2D-8894-B9FD13991060}.Release|Any CPU.ActiveCfg = Release|Any CPU
		{58B26A1A-CC7E-4B2D-8894-B9FD13991060}.Release|Any CPU.Build.0 = Release|Any CPU
	EndGlobalSection
	GlobalSection(SolutionProperties) = preSolution
		HideSolutionNode = FALSE
	EndGlobalSection
	GlobalSection(ExtensibilityGlobals) = postSolution
		SolutionGuid = {05792A7D-17AD-4231-A02C-B012C429DE05}
	EndGlobalSection
EndGlobal
