
Microsoft Visual Studio Solution File, Format Version 12.00
# Visual Studio Version 16
VisualStudioVersion = 16.0.31613.86
MinimumVisualStudioVersion = 10.0.40219.1
Project("{FAE04EC0-301F-11D3-BF4B-00C04F79EFBC}") = "Exercicio1", "Exercicio1\Exercicio1.csproj", "{0492BC8A-4A34-48FB-8036-C62906541930}"
EndProject
Project("{FAE04EC0-301F-11D3-BF4B-00C04F79EFBC}") = "Exercicio2", "Exercicio2\Exercicio2.csproj", "{6226CC8A-498B-49E0-8A60-A7C1B542BEA4}"
EndProject
Project("{FAE04EC0-301F-11D3-BF4B-00C04F79EFBC}") = "Exercicio3", "Exercicio3\Exercicio3.csproj", "{6408281E-B14A-4195-83AC-EE18C76EFEA9}"
EndProject
Global
	GlobalSection(SolutionConfigurationPlatforms) = preSolution
		Debug|Any CPU = Debug|Any CPU
		Release|Any CPU = Release|Any CPU
	EndGlobalSection
	GlobalSection(ProjectConfigurationPlatforms) = postSolution
		{0492BC8A-4A34-48FB-8036-C62906541930}.Debug|Any CPU.ActiveCfg = Debug|Any CPU
		{0492BC8A-4A34-48FB-8036-C62906541930}.Debug|Any CPU.Build.0 = Debug|Any CPU
		{0492BC8A-4A34-48FB-8036-C62906541930}.Release|Any CPU.ActiveCfg = Release|Any CPU
		{0492BC8A-4A34-48FB-8036-C62906541930}.Release|Any CPU.Build.0 = Release|Any CPU
		{6226CC8A-498B-49E0-8A60-A7C1B542BEA4}.Debug|Any CPU.ActiveCfg = Debug|Any CPU
		{6226CC8A-498B-49E0-8A60-A7C1B542BEA4}.Debug|Any CPU.Build.0 = Debug|Any CPU
		{6226CC8A-498B-49E0-8A60-A7C1B542BEA4}.Release|Any CPU.ActiveCfg = Release|Any CPU
		{6226CC8A-498B-49E0-8A60-A7C1B542BEA4}.Release|Any CPU.Build.0 = Release|Any CPU
		{6408281E-B14A-4195-83AC-EE18C76EFEA9}.Debug|Any CPU.ActiveCfg = Debug|Any CPU
		{6408281E-B14A-4195-83AC-EE18C76EFEA9}.Debug|Any CPU.Build.0 = Debug|Any CPU
		{6408281E-B14A-4195-83AC-EE18C76EFEA9}.Release|Any CPU.ActiveCfg = Release|Any CPU
		{6408281E-B14A-4195-83AC-EE18C76EFEA9}.Release|Any CPU.Build.0 = Release|Any CPU
	EndGlobalSection
	GlobalSection(SolutionProperties) = preSolution
		HideSolutionNode = FALSE
	EndGlobalSection
	GlobalSection(ExtensibilityGlobals) = postSolution
		SolutionGuid = {3260060B-7630-4101-BA0A-B4167D3C47B0}
	EndGlobalSection
EndGlobal
