
Microsoft Visual Studio Solution File, Format Version 12.00
# Visual Studio Version 16
VisualStudioVersion = 16.0.31613.86
MinimumVisualStudioVersion = 10.0.40219.1
Project("{FAE04EC0-301F-11D3-BF4B-00C04F79EFBC}") = "Exercicio2", "Exercicio2\Exercicio2.csproj", "{093C60ED-4CF3-4567-8560-A0AF72C612E2}"
EndProject
Project("{FAE04EC0-301F-11D3-BF4B-00C04F79EFBC}") = "Exercicio1", "Exercicio1\Exercicio1.csproj", "{921CD54B-974F-4436-A6E2-5524DE58C5FF}"
EndProject
Global
	GlobalSection(SolutionConfigurationPlatforms) = preSolution
		Debug|Any CPU = Debug|Any CPU
		Release|Any CPU = Release|Any CPU
	EndGlobalSection
	GlobalSection(ProjectConfigurationPlatforms) = postSolution
		{093C60ED-4CF3-4567-8560-A0AF72C612E2}.Debug|Any CPU.ActiveCfg = Debug|Any CPU
		{093C60ED-4CF3-4567-8560-A0AF72C612E2}.Debug|Any CPU.Build.0 = Debug|Any CPU
		{093C60ED-4CF3-4567-8560-A0AF72C612E2}.Release|Any CPU.ActiveCfg = Release|Any CPU
		{093C60ED-4CF3-4567-8560-A0AF72C612E2}.Release|Any CPU.Build.0 = Release|Any CPU
		{921CD54B-974F-4436-A6E2-5524DE58C5FF}.Debug|Any CPU.ActiveCfg = Debug|Any CPU
		{921CD54B-974F-4436-A6E2-5524DE58C5FF}.Debug|Any CPU.Build.0 = Debug|Any CPU
		{921CD54B-974F-4436-A6E2-5524DE58C5FF}.Release|Any CPU.ActiveCfg = Release|Any CPU
		{921CD54B-974F-4436-A6E2-5524DE58C5FF}.Release|Any CPU.Build.0 = Release|Any CPU
	EndGlobalSection
	GlobalSection(SolutionProperties) = preSolution
		HideSolutionNode = FALSE
	EndGlobalSection
	GlobalSection(ExtensibilityGlobals) = postSolution
		SolutionGuid = {28A4D47D-69FE-4699-AA89-A6B521FB6EC7}
	EndGlobalSection
EndGlobal
