
Microsoft Visual Studio Solution File, Format Version 12.00
# Visual Studio Version 16
VisualStudioVersion = 16.0.31613.86
MinimumVisualStudioVersion = 10.0.40219.1
Project("{FAE04EC0-301F-11D3-BF4B-00C04F79EFBC}") = "ClinicaMedica", "ClinicaMedica\ClinicaMedica.csproj", "{8474806E-F9B7-4C85-AD02-883522F41F67}"
EndProject
Global
	GlobalSection(SolutionConfigurationPlatforms) = preSolution
		Debug|Any CPU = Debug|Any CPU
		Release|Any CPU = Release|Any CPU
	EndGlobalSection
	GlobalSection(ProjectConfigurationPlatforms) = postSolution
		{8474806E-F9B7-4C85-AD02-883522F41F67}.Debug|Any CPU.ActiveCfg = Debug|Any CPU
		{8474806E-F9B7-4C85-AD02-883522F41F67}.Debug|Any CPU.Build.0 = Debug|Any CPU
		{8474806E-F9B7-4C85-AD02-883522F41F67}.Release|Any CPU.ActiveCfg = Release|Any CPU
		{8474806E-F9B7-4C85-AD02-883522F41F67}.Release|Any CPU.Build.0 = Release|Any CPU
	EndGlobalSection
	GlobalSection(SolutionProperties) = preSolution
		HideSolutionNode = FALSE
	EndGlobalSection
	GlobalSection(ExtensibilityGlobals) = postSolution
		SolutionGuid = {42BBC98B-2447-4E0B-9D73-D998D1066D47}
	EndGlobalSection
EndGlobal
