
Microsoft Visual Studio Solution File, Format Version 12.00
# Visual Studio Version 16
VisualStudioVersion = 16.0.31613.86
MinimumVisualStudioVersion = 10.0.40219.1
Project("{FAE04EC0-301F-11D3-BF4B-00C04F79EFBC}") = "HospedagemOnline", "HospedagemOnline\HospedagemOnline.csproj", "{3EDAFDF6-5D73-4D23-8F5F-B8FF4C7BE699}"
EndProject
Global
	GlobalSection(SolutionConfigurationPlatforms) = preSolution
		Debug|Any CPU = Debug|Any CPU
		Release|Any CPU = Release|Any CPU
	EndGlobalSection
	GlobalSection(ProjectConfigurationPlatforms) = postSolution
		{3EDAFDF6-5D73-4D23-8F5F-B8FF4C7BE699}.Debug|Any CPU.ActiveCfg = Debug|Any CPU
		{3EDAFDF6-5D73-4D23-8F5F-B8FF4C7BE699}.Debug|Any CPU.Build.0 = Debug|Any CPU
		{3EDAFDF6-5D73-4D23-8F5F-B8FF4C7BE699}.Release|Any CPU.ActiveCfg = Release|Any CPU
		{3EDAFDF6-5D73-4D23-8F5F-B8FF4C7BE699}.Release|Any CPU.Build.0 = Release|Any CPU
	EndGlobalSection
	GlobalSection(SolutionProperties) = preSolution
		HideSolutionNode = FALSE
	EndGlobalSection
	GlobalSection(ExtensibilityGlobals) = postSolution
		SolutionGuid = {558FE271-2239-489C-9392-B03FA8BBAA72}
	EndGlobalSection
EndGlobal
